
Microsoft Visual Studio Solution File, Format Version 12.00
# Visual Studio Version 17
VisualStudioVersion = 17.2.32630.192
MinimumVisualStudioVersion = 10.0.40219.1
Project("{FAE04EC0-301F-11D3-BF4B-00C04F79EFBC}") = "AmanTaskBackEnd", "AmanTaskBackEnd\AmanTaskBackEnd.csproj", "{800ACF14-EE1A-4221-B369-EFD093E468B8}"
EndProject
Global
	GlobalSection(SolutionConfigurationPlatforms) = preSolution
		Debug|Any CPU = Debug|Any CPU
		Release|Any CPU = Release|Any CPU
	EndGlobalSection
	GlobalSection(ProjectConfigurationPlatforms) = postSolution
		{800ACF14-EE1A-4221-B369-EFD093E468B8}.Debug|Any CPU.ActiveCfg = Debug|Any CPU
		{800ACF14-EE1A-4221-B369-EFD093E468B8}.Debug|Any CPU.Build.0 = Debug|Any CPU
		{800ACF14-EE1A-4221-B369-EFD093E468B8}.Release|Any CPU.ActiveCfg = Release|Any CPU
		{800ACF14-EE1A-4221-B369-EFD093E468B8}.Release|Any CPU.Build.0 = Release|Any CPU
	EndGlobalSection
	GlobalSection(SolutionProperties) = preSolution
		HideSolutionNode = FALSE
	EndGlobalSection
	GlobalSection(ExtensibilityGlobals) = postSolution
		SolutionGuid = {6AE334FE-3A9B-48AB-8C09-0A8C6C0013EC}
	EndGlobalSection
EndGlobal
